github.com/BurntSushi/toml v0.3.1/go.mod h1:xHWCNGjB5oqiDr8zfno3MHue2Ht5sIBksp03qcyfWMU=
github.com/coreos/go-iptables v0.4.1 h1:TyEMaK2xD/EcB0385QcvX/OvI2XI7s4SJEI2EhZFfEU=
github.com/coreos/go-iptables v0.4.1/go.mod h1:/mVI274lEDI2ns62jHCDnCyBF9Iwsmekav8Dbxlm1MU=
github.com/coreos/go-iptables v0.4.2 h1:KH0EwId05JwWIfb96gWvkiT2cbuOu8ygqUaB+yPAwIg=
github.com/coreos/go-iptables v0.4.2/go.mod h1:/mVI274lEDI2ns62jHCDnCyBF9Iwsmekav8Dbxlm1MU=
github.com/golang/snappy v0.0.1 h1:Qgr9rKW7uDUkrbSmQeiDsGa8SjGyCOGtuasMWwvp2P4=
github.com/golang/snappy v0.0.1/go.mod h1:/XxbfmMg8lxefKM7IXC3fBNl/7bRcc72aCRzEWrmP2Q=
github.com/google/gopacket v1.1.17 h1:rMrlX2ZY2UbvT+sdz3+6J+pp2z+msCq9MxTU6ymxbBY=
github.com/google/gopacket v1.1.17/go.mod h1:UdDNZ1OO62aGYVnPhxT1U6aI7ukYtA/kB8vaU0diBUM=
github.com/klauspost/cpuid v1.2.0 h1:NMpwD2G9JSFOE1/TJjGSo5zG7Yb2bTe7eq1jH+irmeE=
github.com/klauspost/cpuid v1.2.0/go.mod h1:Pj4uuM528wm8OyEC2QMXAi2YiTZ96dNQPGgoMS4s3ek=
github.com/klauspost/cpuid v1.2.1 h1:vJi+O/nMdFt0vqm8NZBI6wzALWdA2X+egi0ogNyrC/w=
github.com/klauspost/cpuid v1.2.1/go.mod h1:Pj4uuM528wm8OyEC2QMXAi2YiTZ96dNQPGgoMS4s3ek=
github.com/klauspost/reedsolomon v1.9.1 h1:kYrT1MlR4JH6PqOpC+okdb9CDTcwEC/BqpzK4WFyXL8=
github.com/klauspost/reedsolomon v1.9.1/go.mod h1:CwCi+NUr9pqSVktrkN+Ondf06rkhYZ/pcNv7fu+8Un4=
github.com/klauspost/reedsolomon v1.9.2 h1:E9CMS2Pqbv+C7tsrYad4YC9MfhnMVWhMRsTi7U0UB18=
github.com/klauspost/reedsolomon v1.9.2/go.mod h1:CwCi+NUr9pqSVktrkN+Ondf06rkhYZ/pcNv7fu+8Un4=
github.com/pkg/errors v0.8.1 h1:iURUrRGxPUNPdy5/HRSm+Yj6okJ6UtLINN0Q9M4+h3I=
github.com/pkg/errors v0.8.1/go.mod h1:bwawxfHBFNV+L2hUp1rHADufV3IMtnDRdf1r5NINEl0=
github.com/templexxx/cpufeat v0.0.0-20180724012125-cef66df7f161 h1:89CEmDvlq/F7SJEOqkIdNDGJXrQIhuIx9D2DBXjavSU=
github.com/templexxx/cpufeat v0.0.0-20180724012125-cef66df7f161/go.mod h1:wM7WEvslTq+iOEAMDLSzhVuOt5BRZ05WirO+b09GHQU=
github.com/templexxx/xor v0.0.0-20181023030647-4e92f724b73b h1:mnG1fcsIB1d/3vbkBak2MM0u+vhGhlQwpeimUi7QncM=
github.com/templexxx/xor v0.0.0-20181023030647-4e92f724b73b/go.mod h1:5XA7W9S6mni3h5uvOC75dA3m9CCCaS83lltmc0ukdi4=
github.com/tjfoc/gmsm v1.0.1 h1:R11HlqhXkDospckjZEihx9SW/2VW0RgdwrykyWMFOQU=
github.com/tjfoc/gmsm v1.0.1/go.mod h1:XxO4hdhhrzAd+G4CjDqaOkd0hUzmtPR/d3EiBBMn/wc=
github.com/urfave/cli v1.20.0 h1:fDqGv3UG/4jbVl/QkFwEdddtEDjh/5Ov6X+0B/3bPaw=
github.com/urfave/cli v1.20.0/go.mod h1:70zkFmudgCuE/ngEzBv17Jvp/497gISqfk5gWijbERA=
github.com/urfave/cli v1.21.0 h1:wYSSj06510qPIzGSua9ZqsncMmWE3Zr55KBERygyrxE=
github.com/urfave/cli v1.21.0/go.mod h1:lxDj6qX9Q6lWQxIrbrT0nwecwUtRnhVZAJjJZrVUZZQ=
github.com/xtaci/kcp-go v5.0.7+incompatible/go.mod h1:bN6vIwHQbfHaHtFpEssmWsN45a+AZwO7eyRCmEIbtvE=
github.com/xtaci/kcp-go v5.1.1+incompatible h1:A6zXUGblo98vosfEdaHcy0cTBZKY2dByJxICuaV+L5g=
github.com/xtaci/kcp-go v5.1.1+incompatible/go.mod h1:bN6vIwHQbfHaHtFpEssmWsN45a+AZwO7eyRCmEIbtvE=
github.com/xtaci/kcp-go v5.1.2+incompatible h1:UafCgw2Yk3QOf8MRm8jYEWJt1l4J61BgLpMsROkJQxo=
github.com/xtaci/kcp-go v5.1.2+incompatible/go.mod h1:bN6vIwHQbfHaHtFpEssmWsN45a+AZwO7eyRCmEIbtvE=
github.com/xtaci/kcp-go v5.1.3+incompatible h1:s96+ulBrZlxk4DPRPgEGPBV8o55kYKKFVivDwVgZNcA=
github.com/xtaci/kcp-go v5.1.3+incompatible/go.mod h1:bN6vIwHQbfHaHtFpEssmWsN45a+AZwO7eyRCmEIbtvE=
github.com/xtaci/kcp-go v5.1.4+incompatible h1:GHIUAicdHMKwTys8sx2ZnZbFaK8lvmwDniQlFa2BOo4=
github.com/xtaci/kcp-go v5.1.4+incompatible/go.mod h1:bN6vIwHQbfHaHtFpEssmWsN45a+AZwO7eyRCmEIbtvE=
github.com/xtaci/kcp-go v5.2.1+incompatible/go.mod h1:bN6vIwHQbfHaHtFpEssmWsN45a+AZwO7eyRCmEIbtvE=
github.com/xtaci/kcp-go v5.2.3+incompatible h1:LD/Go8xYxtcyvOvFzeo387BV3UNPcwJvMY+8H+JDhfk=
github.com/xtaci/kcp-go v5.2.3+incompatible/go.mod h1:bN6vIwHQbfHaHtFpEssmWsN45a+AZwO7eyRCmEIbtvE=
github.com/xtaci/kcp-go v5.2.4+incompatible h1:96bjdOFrUFfU4wYXqGwPJkEOdvnVwciGlAGOHEDpgy8=
github.com/xtaci/kcp-go v5.2.4+incompatible/go.mod h1:bN6vIwHQbfHaHtFpEssmWsN45a+AZwO7eyRCmEIbtvE=
github.com/xtaci/kcp-go v5.2.5+incompatible h1:9C3xCFYCw6HUMN1/DQhLlUcbx1DmFiLbpiNA/moLYPM=
github.com/xtaci/kcp-go v5.2.5+incompatible/go.mod h1:bN6vIwHQbfHaHtFpEssmWsN45a+AZwO7eyRCmEIbtvE=
github.com/xtaci/kcp-go v5.2.6+incompatible h1:WokjD7IJJopwivFVIleBjmuHYlhGTlR/JAhCsapl1dk=
github.com/xtaci/kcp-go v5.2.6+incompatible/go.mod h1:bN6vIwHQbfHaHtFpEssmWsN45a+AZwO7eyRCmEIbtvE=
github.com/xtaci/kcp-go v5.2.7+incompatible h1:NkJrwfMj3K6lRHfppR8H+oayahPS6GkGGF4BKiRAiFg=
github.com/xtaci/kcp-go v5.2.7+incompatible/go.mod h1:bN6vIwHQbfHaHtFpEssmWsN45a+AZwO7eyRCmEIbtvE=
github.com/xtaci/kcp-go v5.2.8+incompatible h1:WRlKHMAWdB08NEmWW0cpdEQcJsOYRdFwP7lA62AhpWo=
github.com/xtaci/kcp-go v5.2.8+incompatible/go.mod h1:bN6vIwHQbfHaHtFpEssmWsN45a+AZwO7eyRCmEIbtvE=
github.com/xtaci/kcp-go v5.3.2+incompatible h1:sWzdr6Wcs/ZlRY0U8PeeMgpmtimIutFNfrxgQTPoA9U=
github.com/xtaci/kcp-go v5.3.2+incompatible/go.mod h1:bN6vIwHQbfHaHtFpEssmWsN45a+AZwO7eyRCmEIbtvE=
github.com/xtaci/kcp-go v5.3.3+incompatible h1:zlvskph4pBYpt5C8Y22GO2EL3saYpE/2WSZRUEKZXbE=
github.com/xtaci/kcp-go v5.3.3+incompatible/go.mod h1:bN6vIwHQbfHaHtFpEssmWsN45a+AZwO7eyRCmEIbtvE=
github.com/xtaci/kcp-go v5.3.4+incompatible h1:vHlrCvUC4nDSGQQxbgzwwF35sup3mKAxr5Wj3Yzg4c4=
github.com/xtaci/kcp-go v5.3.4+incompatible/go.mod h1:bN6vIwHQbfHaHtFpEssmWsN45a+AZwO7eyRCmEIbtvE=
github.com/xtaci/kcp-go v5.3.5+incompatible h1:PD0cqKLJDAMKgX2qzWfK98fbcrVPYDEdstlY0SN0q20=
github.com/xtaci/kcp-go v5.3.5+incompatible/go.mod h1:bN6vIwHQbfHaHtFpEssmWsN45a+AZwO7eyRCmEIbtvE=
github.com/xtaci/kcp-go v5.3.6+incompatible h1:g3/sc8dtbFG6td3W7BTyJNr/5Sb0zMNBFgEtqnSuxmw=
github.com/xtaci/kcp-go v5.3.6+incompatible/go.mod h1:bN6vIwHQbfHaHtFpEssmWsN45a+AZwO7eyRCmEIbtvE=
github.com/xtaci/kcp-go v5.3.7+incompatible h1:iWiEoXj7BnFNR1XUPAQssR8DJGw9E7BE0l1rqFCAi3Y=
github.com/xtaci/kcp-go v5.3.7+incompatible/go.mod h1:bN6vIwHQbfHaHtFpEssmWsN45a+AZwO7eyRCmEIbtvE=
github.com/xtaci/kcp-go v5.3.8+incompatible h1:1f9hBNbkoMfLryf0P82GzrMkSkqBLUztOmmqKqh7XxM=
github.com/xtaci/kcp-go v5.3.8+incompatible/go.mod h1:bN6vIwHQbfHaHtFpEssmWsN45a+AZwO7eyRCmEIbtvE=
github.com/xtaci/kcp-go v5.3.9+incompatible/go.mod h1:bN6vIwHQbfHaHtFpEssmWsN45a+AZwO7eyRCmEIbtvE=
github.com/xtaci/kcp-go v5.4.1+incompatible h1:zRYDrtFx/DBNI2pngZNOYxEDvWyGN6zZlIB2QcXHL9M=
github.com/xtaci/kcp-go v5.4.1+incompatible/go.mod h1:bN6vIwHQbfHaHtFpEssmWsN45a+AZwO7eyRCmEIbtvE=
github.com/xtaci/kcp-go v5.4.2+incompatible h1:srUoSnFj4dkRzo2b+yz1WENGB32vAv0iuMS8wjYmaEI=
github.com/xtaci/kcp-go v5.4.2+incompatible/go.mod h1:bN6vIwHQbfHaHtFpEssmWsN45a+AZwO7eyRCmEIbtvE=
github.com/xtaci/kcp-go v5.4.4+incompatible h1:QIJ0a0Q0N1G20yLHL2+fpdzyy2v/Cb3PI+xiwx/KK9c=
github.com/xtaci/kcp-go v5.4.4+incompatible/go.mod h1:bN6vIwHQbfHaHtFpEssmWsN45a+AZwO7eyRCmEIbtvE=
github.com/xtaci/smux v1.1.1 h1:ZyIo9XHuHkAeENzHR8yGWC+6xUSCTeP2tPTRE8mnLvc=
github.com/xtaci/smux v1.1.1/go.mod h1:f+nYm6SpuHMy/SH0zpbvAFHT1QoMcgLOsWcFip5KfPw=
github.com/xtaci/smux v1.1.2 h1:AeAzHKqvDeFEcicL9Q06LTjIVW2I55iooUbpDRGHth4=
github.com/xtaci/smux v1.1.2/go.mod h1:f+nYm6SpuHMy/SH0zpbvAFHT1QoMcgLOsWcFip5KfPw=
github.com/xtaci/smux v1.2.1/go.mod h1:f+nYm6SpuHMy/SH0zpbvAFHT1QoMcgLOsWcFip5KfPw=
github.com/xtaci/smux v1.2.2 h1:pF/P78jvAXNG3yddhxKYTXMmNLzxXxdGKKjUBvxF8lk=
github.com/xtaci/smux v1.2.2/go.mod h1:f+nYm6SpuHMy/SH0zpbvAFHT1QoMcgLOsWcFip5KfPw=
github.com/xtaci/smux v1.2.3/go.mod h1:f+nYm6SpuHMy/SH0zpbvAFHT1QoMcgLOsWcFip5KfPw=
github.com/xtaci/smux v1.2.4 h1:l+peIfF3MUC5OmA93nKlezj8Nhejjv76BvnTyQEB2RI=
github.com/xtaci/smux v1.2.4/go.mod h1:f+nYm6SpuHMy/SH0zpbvAFHT1QoMcgLOsWcFip5KfPw=
github.com/xtaci/smux v1.2.5 h1:p5K13hQEKeMo/H0XwO7jNxuT2G4/guo7Z7blfxBWBpI=
github.com/xtaci/smux v1.2.5/go.mod h1:f+nYm6SpuHMy/SH0zpbvAFHT1QoMcgLOsWcFip5KfPw=
github.com/xtaci/smux v1.2.6 h1:lcooP+CKdWf1IE0d35eJ4MuUt7+kA3hwtQN0uPdd5lo=
github.com/xtaci/smux v1.2.6/go.mod h1:f+nYm6SpuHMy/SH0zpbvAFHT1QoMcgLOsWcFip5KfPw=
github.com/xtaci/smux v1.2.7 h1:h7m7UL5zNZRaqEAtFXReqAVuStI3Al85zvJSGxqDqF0=
github.com/xtaci/smux v1.2.7/go.mod h1:f+nYm6SpuHMy/SH0zpbvAFHT1QoMcgLOsWcFip5KfPw=
github.com/xtaci/smux v1.2.8 h1:mNFGEdnACCih1aER/JF4JVJIcOl7Mkf5yrQNzdDY6jg=
github.com/xtaci/smux v1.2.8/go.mod h1:f+nYm6SpuHMy/SH0zpbvAFHT1QoMcgLOsWcFip5KfPw=
github.com/xtaci/smux v1.2.9 h1:aLBpFdORtDMzFJnrktW5hhe6UScbiS9inicP01KWR7M=
github.com/xtaci/smux v1.2.9/go.mod h1:f+nYm6SpuHMy/SH0zpbvAFHT1QoMcgLOsWcFip5KfPw=
github.com/xtaci/smux v1.2.10 h1:DQiH08XfO+33X7l5XOGV5urQHrgK8PRFWYxT/z9Hrnw=
github.com/xtaci/smux v1.2.10/go.mod h1:f+nYm6SpuHMy/SH0zpbvAFHT1QoMcgLOsWcFip5KfPw=
github.com/xtaci/smux v1.2.11 h1:QI4M2HgkkpsVU3Bfcmyx10qURBEeHfKi7xDhGEORfu0=
github.com/xtaci/smux v1.2.11/go.mod h1:f+nYm6SpuHMy/SH0zpbvAFHT1QoMcgLOsWcFip5KfPw=
github.com/xtaci/smux v1.2.12 h1:POGYLDuR61+XZlVzKUdI4fTLtJnyVba++XS4Q6T5e3M=
github.com/xtaci/smux v1.2.12/go.mod h1:f+nYm6SpuHMy/SH0zpbvAFHT1QoMcgLOsWcFip5KfPw=
github.com/xtaci/smux v1.3.1 h1:qMkK+dTu8ozfYz13UaX5q9GRIx0Qwux3FvcjtKZmDF8=
github.com/xtaci/smux v1.3.1/go.mod h1:f+nYm6SpuHMy/SH0zpbvAFHT1QoMcgLOsWcFip5KfPw=
github.com/xtaci/smux v1.3.2 h1:8NsGbxBW6oSaeLu5E6V8AmklZm6EhBz7BeCOU3Zdhwc=
github.com/xtaci/smux v1.3.2/go.mod h1:f+nYm6SpuHMy/SH0zpbvAFHT1QoMcgLOsWcFip5KfPw=
github.com/xtaci/smux v1.3.3 h1:+vnzZHTLGHrj+LzUZEkKmvu4KkG7fj4jwMPqhawvErg=
github.com/xtaci/smux v1.3.3/go.mod h1:f+nYm6SpuHMy/SH0zpbvAFHT1QoMcgLOsWcFip5KfPw=
github.com/xtaci/smux v1.3.4 h1:7BJNo6A3d8CJXV1cCwwN9lZaGigNB2BbSDKIbtf7bHE=
github.com/xtaci/smux v1.3.4/go.mod h1:f+nYm6SpuHMy/SH0zpbvAFHT1QoMcgLOsWcFip5KfPw=
github.com/xtaci/smux v1.3.5 h1:wR36ew6NaYwbhIBSnoYFeinX/Gs6A67wj0yXqH0Qa+c=
github.com/xtaci/smux v1.3.5/go.mod h1:f+nYm6SpuHMy/SH0zpbvAFHT1QoMcgLOsWcFip5KfPw=
github.com/xtaci/smux v1.3.6 h1:TFsd1myAvw5uU48uo5N9dS9l4AiCQXB+Id/ubqHgLJM=
github.com/xtaci/smux v1.3.6/go.mod h1:f+nYm6SpuHMy/SH0zpbvAFHT1QoMcgLOsWcFip5KfPw=
github.com/xtaci/tcpraw v1.1.3 h1:9kYm8HlXn0G/bNH7Xkm7Ypn/w17vnl/JfDQxBWueUAY=
github.com/xtaci/tcpraw v1.1.3/go.mod h1:dKyZ2V75s0cZ7cbgJYdxPvms7af0joIeOyx1GgJQbLk=
github.com/xtaci/tcpraw v1.1.4 h1:AUO0vsyx0e3gbhOXC13iQ4FHjYoGwYZjf+I28HyZJ6g=
github.com/xtaci/tcpraw v1.1.4/go.mod h1:dKyZ2V75s0cZ7cbgJYdxPvms7af0joIeOyx1GgJQbLk=
github.com/xtaci/tcpraw v1.1.5 h1:/1AhipCVBsFF5aperX3ioqtO/UnBgv9QbO/NnApwu08=
github.com/xtaci/tcpraw v1.1.5/go.mod h1:dKyZ2V75s0cZ7cbgJYdxPvms7af0joIeOyx1GgJQbLk=
github.com/xtaci/tcpraw v1.1.6 h1:QlLq9NcyMn+t90URntTd/EETMxBMNwuiJ6JLek/8W7I=
github.com/xtaci/tcpraw v1.1.6/go.mod h1:dKyZ2V75s0cZ7cbgJYdxPvms7af0joIeOyx1GgJQbLk=
github.com/xtaci/tcpraw v1.1.7 h1:5M1VRTJTAPnLj7fNHaWLjFzRKTv+ooS1s8A1PChHhMA=
github.com/xtaci/tcpraw v1.1.7/go.mod h1:dKyZ2V75s0cZ7cbgJYdxPvms7af0joIeOyx1GgJQbLk=
github.com/xtaci/tcpraw v1.1.8 h1:4oh8U6muwXZrnEnMIv1f5cDCv7e3sIQnCd4k6hAIIIQ=
github.com/xtaci/tcpraw v1.1.8/go.mod h1:dKyZ2V75s0cZ7cbgJYdxPvms7af0joIeOyx1GgJQbLk=
github.com/xtaci/tcpraw v1.1.9 h1:8IvLbvBnqYLzXSU1DazMSGjE2GsR/MbQYubQSXO3uVw=
github.com/xtaci/tcpraw v1.1.9/go.mod h1:dKyZ2V75s0cZ7cbgJYdxPvms7af0joIeOyx1GgJQbLk=
github.com/xtaci/tcpraw v1.1.11 h1:yzeuBhNbvfo7U8q4LsFgeyxGyXqVUIr8kxEguSguG3U=
github.com/xtaci/tcpraw v1.1.11/go.mod h1:dKyZ2V75s0cZ7cbgJYdxPvms7af0joIeOyx1GgJQbLk=
github.com/xtaci/tcpraw v1.1.12 h1:IgYqbZUd9CQiOyVahwtGBC7f6WlYrR9toI+omhgAShM=
github.com/xtaci/tcpraw v1.1.12/go.mod h1:dKyZ2V75s0cZ7cbgJYdxPvms7af0joIeOyx1GgJQbLk=
github.com/xtaci/tcpraw v1.1.13 h1:uL09wQfiqAm2s95WhId1SBiWSU4K7S0v+X7zIQNcz38=
github.com/xtaci/tcpraw v1.1.13/go.mod h1:dKyZ2V75s0cZ7cbgJYdxPvms7af0joIeOyx1GgJQbLk=
github.com/xtaci/tcpraw v1.1.14 h1:aaVZkMAOzGihIZTizUzhEHczD0+V3zkSxkK1ynTJGyo=
github.com/xtaci/tcpraw v1.1.14/go.mod h1:dKyZ2V75s0cZ7cbgJYdxPvms7af0joIeOyx1GgJQbLk=
github.com/xtaci/tcpraw v1.1.15 h1:w3FN0U2TxXMAVPvRg0ChxQrJ6x4PdSstXAKyYnmpWC0=
github.com/xtaci/tcpraw v1.1.15/go.mod h1:dKyZ2V75s0cZ7cbgJYdxPvms7af0joIeOyx1GgJQbLk=
github.com/xtaci/tcpraw v1.1.16 h1:L7Yd9ai+mY3axAZY+tAW9aV3IPoTMbt9g8mLSYjsW5w=
github.com/xtaci/tcpraw v1.1.16/go.mod h1:dKyZ2V75s0cZ7cbgJYdxPvms7af0joIeOyx1GgJQbLk=
github.com/xtaci/tcpraw v1.1.17 h1:2bKo62lMFYAnkYx5NXDHOW1NWqsBYdO37zmJ+3lfZ5E=
github.com/xtaci/tcpraw v1.1.17/go.mod h1:dKyZ2V75s0cZ7cbgJYdxPvms7af0joIeOyx1GgJQbLk=
github.com/xtaci/tcpraw v1.1.18 h1:Jl5UpGZ6Ck0bwXSWdOZ3ExUa6DXx30mCaqvpRnhB3TY=
github.com/xtaci/tcpraw v1.1.18/go.mod h1:dKyZ2V75s0cZ7cbgJYdxPvms7af0joIeOyx1GgJQbLk=
github.com/xtaci/tcpraw v1.2.0 h1:ktu8W19TkPj3Av2tDhnp7YGKG9tk1Jz3LI8bI5usT6Q=
github.com/xtaci/tcpraw v1.2.0/go.mod h1:dKyZ2V75s0cZ7cbgJYdxPvms7af0joIeOyx1GgJQbLk=
github.com/xtaci/tcpraw v1.2.1 h1:NdMZTNgIK9R9payI0ISU1LZs24fzOPk10z4wSsMnOTM=
github.com/xtaci/tcpraw v1.2.1/go.mod h1:dKyZ2V75s0cZ7cbgJYdxPvms7af0joIeOyx1GgJQbLk=
github.com/xtaci/tcpraw v1.2.2 h1:/4m5yUO/b3xJBUQmPzxW4SzgnbfVku8g26jFVJ4n/YQ=
github.com/xtaci/tcpraw v1.2.2/go.mod h1:dKyZ2V75s0cZ7cbgJYdxPvms7af0joIeOyx1GgJQbLk=
github.com/xtaci/tcpraw v1.2.3 h1:Wf47jXep3tCP3qXwj12gyiSe90fvuOV2pofMDMEt89A=
github.com/xtaci/tcpraw v1.2.3/go.mod h1:dKyZ2V75s0cZ7cbgJYdxPvms7af0joIeOyx1GgJQbLk=
github.com/xtaci/tcpraw v1.2.4 h1:Euz3j4DJzaTgqHmPuF0YPnvJ9w+6pLWPw27f5skFXEo=
github.com/xtaci/tcpraw v1.2.4/go.mod h1:dKyZ2V75s0cZ7cbgJYdxPvms7af0joIeOyx1GgJQbLk=
github.com/xtaci/tcpraw v1.2.5 h1:SbSGUqGsSjtP+Ejn14X5EFg4cIyYHACHZGsTSEItySI=
github.com/xtaci/tcpraw v1.2.5/go.mod h1:dKyZ2V75s0cZ7cbgJYdxPvms7af0joIeOyx1GgJQbLk=
github.com/xtaci/tcpraw v1.2.6 h1:kBdM4tXKt40nwZgTDYdWiO0vY0i6gdwGAOJOp9LVM7E=
github.com/xtaci/tcpraw v1.2.6/go.mod h1:dKyZ2V75s0cZ7cbgJYdxPvms7af0joIeOyx1GgJQbLk=
github.com/xtaci/tcpraw v1.2.7 h1:ImTm0CorUW1c6dn+lM2TpC8vt5Xps2kOd5i7vIlg98Y=
github.com/xtaci/tcpraw v1.2.7/go.mod h1:dKyZ2V75s0cZ7cbgJYdxPvms7af0joIeOyx1GgJQbLk=
github.com/xtaci/tcpraw v1.2.8 h1:QyMKfDE61fAWCf25+6CFmpxJF11+ORiATGcWqOlDZoQ=
github.com/xtaci/tcpraw v1.2.8/go.mod h1:dKyZ2V75s0cZ7cbgJYdxPvms7af0joIeOyx1GgJQbLk=
github.com/xtaci/tcpraw v1.2.9 h1:PmQIlNkVsXwpHkoe7pab/WDGlg+TNod8UXMMvSVaVhQ=
github.com/xtaci/tcpraw v1.2.9/go.mod h1:dKyZ2V75s0cZ7cbgJYdxPvms7af0joIeOyx1GgJQbLk=
github.com/xtaci/tcpraw v1.2.10 h1:MXgrEuA9Fng5rLr/TdCRY8tV7xy88dcQxr5ybJf/wOI=
github.com/xtaci/tcpraw v1.2.10/go.mod h1:dKyZ2V75s0cZ7cbgJYdxPvms7af0joIeOyx1GgJQbLk=
github.com/xtaci/tcpraw v1.2.11 h1:xauEjUvrApWnVWml5g5jwAbOI9N+iorXASLPwawP5Bk=
github.com/xtaci/tcpraw v1.2.11/go.mod h1:dKyZ2V75s0cZ7cbgJYdxPvms7af0joIeOyx1GgJQbLk=
github.com/xtaci/tcpraw v1.2.13 h1:Z5FMbVgrcWkdx3e3Uz3Bvf6w0XC8LhLESKP+G2RwM4g=
github.com/xtaci/tcpraw v1.2.13/go.mod h1:dKyZ2V75s0cZ7cbgJYdxPvms7af0joIeOyx1GgJQbLk=
github.com/xtaci/tcpraw v1.2.14 h1:95m5qpenPSxdz1N46caRvAycOViMD15oIadoD0fIFz8=
github.com/xtaci/tcpraw v1.2.14/go.mod h1:dKyZ2V75s0cZ7cbgJYdxPvms7af0joIeOyx1GgJQbLk=
github.com/xtaci/tcpraw v1.2.16 h1:p1DgHiWXYVKUwmPbwi6090LaB2QuA+tovLqnnSuVkrk=
github.com/xtaci/tcpraw v1.2.16/go.mod h1:dKyZ2V75s0cZ7cbgJYdxPvms7af0joIeOyx1GgJQbLk=
github.com/xtaci/tcpraw v1.2.17 h1:xO4dPmfN/KYEUoyM23IwOcJvjJBCKLMUs2vLDmfqapY=
github.com/xtaci/tcpraw v1.2.17/go.mod h1:dKyZ2V75s0cZ7cbgJYdxPvms7af0joIeOyx1GgJQbLk=
github.com/xtaci/tcpraw v1.2.18 h1:517ANDJ7s4BF7HMSea4a0JeGlO9T2oA8fu/qd/DRQBY=
github.com/xtaci/tcpraw v1.2.18/go.mod h1:dKyZ2V75s0cZ7cbgJYdxPvms7af0joIeOyx1GgJQbLk=
github.com/xtaci/tcpraw v1.2.19 h1:lnBCK1/1NQd8SC88AQW8r0KHjXCmvyIXV/IjeaDUdOI=
github.com/xtaci/tcpraw v1.2.19/go.mod h1:dKyZ2V75s0cZ7cbgJYdxPvms7af0joIeOyx1GgJQbLk=
github.com/xtaci/tcpraw v1.2.22 h1:v//4xkRLE4T3r1oH7YLm21Cl7O1rrmu2iGYmOf1oOBo=
github.com/xtaci/tcpraw v1.2.22/go.mod h1:dKyZ2V75s0cZ7cbgJYdxPvms7af0joIeOyx1GgJQbLk=
github.com/xtaci/tcpraw v1.2.23 h1:1N3ovKY+gZHRc9cink+pigjufx23kjXwoB9FrTt0OcE=
github.com/xtaci/tcpraw v1.2.23/go.mod h1:dKyZ2V75s0cZ7cbgJYdxPvms7af0joIeOyx1GgJQbLk=
github.com/xtaci/tcpraw v1.2.24 h1:JMYbkSLh0jsXY5KQL8F5JU6kvEd1ZXIymV5IhvmDUy8=
github.com/xtaci/tcpraw v1.2.24/go.mod h1:dKyZ2V75s0cZ7cbgJYdxPvms7af0joIeOyx1GgJQbLk=
github.com/xtaci/tcpraw v1.2.25 h1:VDlqo0op17JeXBM6e2G9ocCNLOJcw9mZbobMbJjo0vk=
github.com/xtaci/tcpraw v1.2.25/go.mod h1:dKyZ2V75s0cZ7cbgJYdxPvms7af0joIeOyx1GgJQbLk=
golang.org/x/crypto v0.0.0-20190308221718-c2843e01d9a2/go.mod h1:djNgcEr1/C05ACkg1iLfiJU5Ep61QUkGW8qpdssI0+w=
golang.org/x/crypto v0.0.0-20190320223903-b7391e95e576 h1:aUX/1G2gFSs4AsJJg2cL3HuoRhCSCz733FE5GUSuaT4=
golang.org/x/crypto v0.0.0-20190320223903-b7391e95e576/go.mod h1:djNgcEr1/C05ACkg1iLfiJU5Ep61QUkGW8qpdssI0+w=
golang.org/x/crypto v0.0.0-20190325154230-a5d413f7728c h1:Vj5n4GlwjmQteupaxJ9+0FNOmBrHfq7vN4btdGoDZgI=
golang.org/x/crypto v0.0.0-20190325154230-a5d413f7728c/go.mod h1:djNgcEr1/C05ACkg1iLfiJU5Ep61QUkGW8qpdssI0+w=
golang.org/x/crypto v0.0.0-20190404164418-38d8ce5564a5/go.mod h1:WFFai1msRO1wXaEeE5yQxYXgSfI8pQAWXbQop6sCtWE=
golang.org/x/crypto v0.0.0-20190411191339-88737f569e3a h1:Igim7XhdOpBnWPuYJ70XcNpq8q3BCACtVgNfoJxOV7g=
golang.org/x/crypto v0.0.0-20190411191339-88737f569e3a/go.mod h1:WFFai1msRO1wXaEeE5yQxYXgSfI8pQAWXbQop6sCtWE=
golang.org/x/crypto v0.0.0-20190417174047-f416ebab96af h1:6qGQw30u837TXZbCmLFR9AVA+RjJU1LIbvk0oIkDZGY=
golang.org/x/crypto v0.0.0-20190417174047-f416ebab96af/go.mod h1:WFFai1msRO1wXaEeE5yQxYXgSfI8pQAWXbQop6sCtWE=
golang.org/x/crypto v0.0.0-20190418165655-df01cb2cc480 h1:O5YqonU5IWby+w98jVUG9h7zlCWCcH4RHyPVReBmhzk=
golang.org/x/crypto v0.0.0-20190418165655-df01cb2cc480/go.mod h1:WFFai1msRO1wXaEeE5yQxYXgSfI8pQAWXbQop6sCtWE=
golang.org/x/crypto v0.0.0-20190422183909-d864b10871cd h1:sMHc2rZHuzQmrbVoSpt9HgerkXPyIeCSO6k0zUMGfFk=
golang.org/x/crypto v0.0.0-20190422183909-d864b10871cd/go.mod h1:yigFU9vqHzYiE8UmvKecakEJjdnWj3jj499lnFckfCI=
golang.org/x/crypto v0.0.0-20190426145343-a29dc8fdc734 h1:p/H982KKEjUnLJkM3tt/LemDnOc1GiZL5FCVlORJ5zo=
golang.org/x/crypto v0.0.0-20190426145343-a29dc8fdc734/go.mod h1:yigFU9vqHzYiE8UmvKecakEJjdnWj3jj499lnFckfCI=
golang.org/x/crypto v0.0.0-20190506204251-e1dfcc566284 h1:rlLehGeYg6jfoyz/eDqDU1iRXLKfR42nnNh57ytKEWo=
golang.org/x/crypto v0.0.0-20190506204251-e1dfcc566284/go.mod h1:yigFU9vqHzYiE8UmvKecakEJjdnWj3jj499lnFckfCI=
golang.org/x/crypto v0.0.0-20190510104115-cbcb75029529 h1:iMGN4xG0cnqj3t+zOM8wUB0BiPKHEwSxEZCvzcbZuvk=
golang.org/x/crypto v0.0.0-20190510104115-cbcb75029529/go.mod h1:yigFU9vqHzYiE8UmvKecakEJjdnWj3jj499lnFckfCI=
golang.org/x/crypto v0.0.0-20190513172903-22d7a77e9e5f h1:R423Cnkcp5JABoeemiGEPlt9tHXFfw5kvc0yqlxRPWo=
golang.org/x/crypto v0.0.0-20190513172903-22d7a77e9e5f/go.mod h1:yigFU9vqHzYiE8UmvKecakEJjdnWj3jj499lnFckfCI=
golang.org/x/crypto v0.0.0-20190605123033-f99c8df09eb5 h1:58fnuSXlxZmFdJyvtTFVmVhcMLU6v5fEb/ok4wyqtNU=
golang.org/x/crypto v0.0.0-20190605123033-f99c8df09eb5/go.mod h1:yigFU9vqHzYiE8UmvKecakEJjdnWj3jj499lnFckfCI=
golang.org/x/crypto v0.0.0-20190829043050-9756ffdc2472 h1:Gv7RPwsi3eZ2Fgewe3CBsuOebPwO27PoXzRpJPsvSSM=
golang.org/x/crypto v0.0.0-20190829043050-9756ffdc2472/go.mod h1:yigFU9vqHzYiE8UmvKecakEJjdnWj3jj499lnFckfCI=
golang.org/x/net v0.0.0-20190311183353-d8887717615a/go.mod h1:t9HGtf8HONx5eT2rtn7q6eTqICYqUVnKs3thJo3Qplg=
golang.org/x/net v0.0.0-20190320064053-1272bf9dcd53 h1:kcXqo9vE6fsZY5X5Rd7R1l7fTgnWaDCVmln65REefiE=
golang.org/x/net v0.0.0-20190320064053-1272bf9dcd53/go.mod h1:t9HGtf8HONx5eT2rtn7q6eTqICYqUVnKs3thJo3Qplg=
golang.org/x/net v0.0.0-20190324223953-e3b2ff56ed87 h1:yh5/K199RObPR6zqVBYf+AyJuweAqx+fOe9s3cekn1Y=
golang.org/x/net v0.0.0-20190324223953-e3b2ff56ed87/go.mod h1:t9HGtf8HONx5eT2rtn7q6eTqICYqUVnKs3thJo3Qplg=
golang.org/x/net v0.0.0-20190328230028-74de082e2cca h1:hyA6yiAgbUwuWqtscNvWAI7U1CtlaD1KilQ6iudt1aI=
golang.org/x/net v0.0.0-20190328230028-74de082e2cca/go.mod h1:t9HGtf8HONx5eT2rtn7q6eTqICYqUVnKs3thJo3Qplg=
golang.org/x/net v0.0.0-20190404232315-eb5bcb51f2a3/go.mod h1:t9HGtf8HONx5eT2rtn7q6eTqICYqUVnKs3thJo3Qplg=
golang.org/x/net v0.0.0-20190415214537-1da14a5a36f2 h1:iC0Y6EDq+rhnAePxGvJs2kzUAYcwESqdcGRPzEUfzTU=
golang.org/x/net v0.0.0-20190415214537-1da14a5a36f2/go.mod h1:t9HGtf8HONx5eT2rtn7q6eTqICYqUVnKs3thJo3Qplg=
golang.org/x/net v0.0.0-20190420063019-afa5a82059c6 h1:HdqqaWmYAUI7/dmByKKEw+yxDksGSo+9GjkUc9Zp34E=
golang.org/x/net v0.0.0-20190420063019-afa5a82059c6/go.mod h1:t9HGtf8HONx5eT2rtn7q6eTqICYqUVnKs3thJo3Qplg=
golang.org/x/net v0.0.0-20190424024845-afe8014c977f h1:uALRiwYevCJtciRa4mKKFkrs5jY4F2OTf1D2sfi1swY=
golang.org/x/net v0.0.0-20190424024845-afe8014c977f/go.mod h1:t9HGtf8HONx5eT2rtn7q6eTqICYqUVnKs3thJo3Qplg=
golang.org/x/net v0.0.0-20190424112056-4829fb13d2c6 h1:FP8hkuE6yUEaJnK7O2eTuejKWwW+Rhfj80dQ2JcKxCU=
golang.org/x/net v0.0.0-20190424112056-4829fb13d2c6/go.mod h1:t9HGtf8HONx5eT2rtn7q6eTqICYqUVnKs3thJo3Qplg=
golang.org/x/net v0.0.0-20190509222800-a4d6f7feada5 h1:6M3SDHlHHDCx2PcQw3S4KsR170vGqDhJDOmpVd4Hjak=
golang.org/x/net v0.0.0-20190509222800-a4d6f7feada5/go.mod h1:t9HGtf8HONx5eT2rtn7q6eTqICYqUVnKs3thJo3Qplg=
golang.org/x/net v0.0.0-20190607181551-461777fb6f67 h1:rJJxsykSlULwd2P2+pg/rtnwN2FrWp4IuCxOSyS0V00=
golang.org/x/net v0.0.0-20190607181551-461777fb6f67/go.mod h1:z5CRVTTTmAJ677TzLLGU+0bjPO0LkuOLi4/5GtJWs/s=
golang.org/x/net v0.0.0-20190827160401-ba9fcec4b297 h1:k7pJ2yAPLPgbskkFdhRCsA77k2fySZ1zf2zCjvQCiIM=
golang.org/x/net v0.0.0-20190827160401-ba9fcec4b297/go.mod h1:z5CRVTTTmAJ677TzLLGU+0bjPO0LkuOLi4/5GtJWs/s=
golang.org/x/sync v0.0.0-20190423024810-112230192c58/go.mod h1:RxMgew5VJxzue5/jJTE5uejpjVlOe/izrB70Jof72aM=
golang.org/x/sys v0.0.0-20190215142949-d0b11bdaac8a/go.mod h1:STP8DvDyc/dI5b8T5hshtkjS+E42TnysNCUPdjciGhY=
golang.org/x/sys v0.0.0-20190321052220-f7bb7a8bee54/go.mod h1:h1NjWce9XRLGQEsW7wpKNCjG9DtNlClVuFLEZdDNbEs=
golang.org/x/sys v0.0.0-20190322080309-f49334f85ddc/go.mod h1:h1NjWce9XRLGQEsW7wpKNCjG9DtNlClVuFLEZdDNbEs=
golang.org/x/sys v0.0.0-20190329044733-9eb1bfa1ce65/go.mod h1:h1NjWce9XRLGQEsW7wpKNCjG9DtNlClVuFLEZdDNbEs=
golang.org/x/sys v0.0.0-20190403152447-81d4e9dc473e/go.mod h1:h1NjWce9XRLGQEsW7wpKNCjG9DtNlClVuFLEZdDNbEs=
golang.org/x/sys v0.0.0-20190405154228-4b34438f7a67/go.mod h1:h1NjWce9XRLGQEsW7wpKNCjG9DtNlClVuFLEZdDNbEs=
golang.org/x/sys v0.0.0-20190412213103-97732733099d/go.mod h1:h1NjWce9XRLGQEsW7wpKNCjG9DtNlClVuFLEZdDNbEs=
golang.org/x/sys v0.0.0-20190415145633-3fd5a3612ccd/go.mod h1:h1NjWce9XRLGQEsW7wpKNCjG9DtNlClVuFLEZdDNbEs=
golang.org/x/sys v0.0.0-20190416152802-12500544f89f/go.mod h1:h1NjWce9XRLGQEsW7wpKNCjG9DtNlClVuFLEZdDNbEs=
golang.org/x/sys v0.0.0-20190419153524-e8e3143a4f4a/go.mod h1:h1NjWce9XRLGQEsW7wpKNCjG9DtNlClVuFLEZdDNbEs=
golang.org/x/sys v0.0.0-20190422165155-953cdadca894/go.mod h1:h1NjWce9XRLGQEsW7wpKNCjG9DtNlClVuFLEZdDNbEs=
golang.org/x/sys v0.0.0-20190426135247-a129542de9ae/go.mod h1:h1NjWce9XRLGQEsW7wpKNCjG9DtNlClVuFLEZdDNbEs=
golang.org/x/sys v0.0.0-20190509141414-a5b02f93d862/go.mod h1:h1NjWce9XRLGQEsW7wpKNCjG9DtNlClVuFLEZdDNbEs=
golang.org/x/sys v0.0.0-20190610200419-93c9922d18ae h1:xiXzMMEQdQcric9hXtr1QU98MHunKK7OTtsoU6bYWs4=
golang.org/x/sys v0.0.0-20190610200419-93c9922d18ae/go.mod h1:h1NjWce9XRLGQEsW7wpKNCjG9DtNlClVuFLEZdDNbEs=
golang.org/x/sys v0.0.0-20190904154756-749cb33beabd h1:DBH9mDw0zluJT/R+nGuV3jWFWLFaHyYZWD4tOT+cjn0=
golang.org/x/sys v0.0.0-20190904154756-749cb33beabd/go.mod h1:h1NjWce9XRLGQEsW7wpKNCjG9DtNlClVuFLEZdDNbEs=
golang.org/x/text v0.3.0/go.mod h1:NqM8EUOU14njkJ3fqMW+pc6Ldnwhi/IjpwHt7yyuwOQ=
golang.org/x/text v0.3.1/go.mod h1:bEr9sfX3Q8Zfm5fL9x+3itogRgK3+ptLWKqgva+5dAk=
golang.org/x/text v0.3.2/go.mod h1:bEr9sfX3Q8Zfm5fL9x+3itogRgK3+ptLWKqgva+5dAk=
golang.org/x/tools v0.0.0-20180917221912-90fa682c2a6e/go.mod h1:n7NCudcB/nEzxVGmLbDWY5pfWTLqBcC2KZ6jyYvM4mQ=
golang.org/x/tools v0.0.0-20190424031103-cb2dda6eabdf/go.mod h1:RgjU9mgBXZiqYHBnxXauZ1Gv1EHHAz9KjViQ78xBX0Q=
golang.org/x/tools v0.0.0-20190428024724-550556f78a90/go.mod h1:RgjU9mgBXZiqYHBnxXauZ1Gv1EHHAz9KjViQ78xBX0Q=
golang.org/x/tools v0.0.0-20190509153222-73554e0f7805/go.mod h1:RgjU9mgBXZiqYHBnxXauZ1Gv1EHHAz9KjViQ78xBX0Q=
golang.org/x/tools v0.0.0-20190511041617-99f201b6807e/go.mod h1:RgjU9mgBXZiqYHBnxXauZ1Gv1EHHAz9KjViQ78xBX0Q=
golang.org/x/tools v0.0.0-20190513233021-7d589f28aaf4/go.mod h1:RgjU9mgBXZiqYHBnxXauZ1Gv1EHHAz9KjViQ78xBX0Q=
golang.org/x/tools v0.0.0-20190610231749-f8d1dee965f7/go.mod h1:/rFqwRUd4F7ZHNgwSSTFct+R/Kf4OFW1sUzUTQQTgfc=
gopkg.in/check.v1 v0.0.0-20161208181325-20d25e280405/go.mod h1:Co6ibVJAznAaIkqp8huTwlJQCZ016jof/cbN4VW5Yz0=
gopkg.in/yaml.v2 v2.2.2/go.mod h1:hI93XBmqTisBFMUTm0b8Fm+jr3Dg1NNxqwp+5A1VGuI=
